
Microsoft Visual Studio Solution File, Format Version 12.00
# Visual Studio Version 17
VisualStudioVersion = 17.4.33103.184
MinimumVisualStudioVersion = 10.0.40219.1
Project("{9A19103F-16F7-4668-BE54-9A1E7A4F7556}") = "MPPTSunDevice", "MPPTSunDevice\MPPTSunDevice.csproj", "{960B3BA9-D638-48F6-A9F1-297107841DC8}"
EndProject
Project("{9A19103F-16F7-4668-BE54-9A1E7A4F7556}") = "DeviceTest", "DeviceTest\DeviceTest.csproj", "{347F37A9-F230-4CB6-9353-207C3DB8E655}"
EndProject
Project("{11A8DD76-328B-46DF-9F39-F559912D0360}") = "Device-ESP32C3", "Device-ESP32C3\Device-ESP32C3.nfproj", "{747389A9-7E03-48DC-B5F5-BF190FFB649C}"
EndProject
Project("{11A8DD76-328B-46DF-9F39-F559912D0360}") = "nF.Modbus", "..\..\submodules\src\Modbus\nF.Modbus.nfproj", "{46783B60-A3E4-4746-BC7F-E306C25DC686}"
EndProject
Project("{11A8DD76-328B-46DF-9F39-F559912D0360}") = "ESP32C3-Serial2TCP", "ESP32C3-Serial2TCP\ESP32C3-Serial2TCP.nfproj", "{28521D45-0A67-4FC3-BB7D-6AA4C00905D3}"
EndProject
Project("{11A8DD76-328B-46DF-9F39-F559912D0360}") = "AzureTest", "AzureTest\AzureTest.nfproj", "{323B0169-61A9-452C-BF20-F59902C42AB7}"
EndProject
Global
	GlobalSection(SolutionConfigurationPlatforms) = preSolution
		Debug|Any CPU = Debug|Any CPU
		Release|Any CPU = Release|Any CPU
	EndGlobalSection
	GlobalSection(ProjectConfigurationPlatforms) = postSolution
		{960B3BA9-D638-48F6-A9F1-297107841DC8}.Debug|Any CPU.ActiveCfg = Debug|Any CPU
		{960B3BA9-D638-48F6-A9F1-297107841DC8}.Debug|Any CPU.Build.0 = Debug|Any CPU
		{960B3BA9-D638-48F6-A9F1-297107841DC8}.Release|Any CPU.ActiveCfg = Release|Any CPU
		{960B3BA9-D638-48F6-A9F1-297107841DC8}.Release|Any CPU.Build.0 = Release|Any CPU
		{347F37A9-F230-4CB6-9353-207C3DB8E655}.Debug|Any CPU.ActiveCfg = Debug|Any CPU
		{347F37A9-F230-4CB6-9353-207C3DB8E655}.Debug|Any CPU.Build.0 = Debug|Any CPU
		{347F37A9-F230-4CB6-9353-207C3DB8E655}.Release|Any CPU.ActiveCfg = Release|Any CPU
		{347F37A9-F230-4CB6-9353-207C3DB8E655}.Release|Any CPU.Build.0 = Release|Any CPU
		{747389A9-7E03-48DC-B5F5-BF190FFB649C}.Debug|Any CPU.ActiveCfg = Debug|Any CPU
		{747389A9-7E03-48DC-B5F5-BF190FFB649C}.Debug|Any CPU.Build.0 = Debug|Any CPU
		{747389A9-7E03-48DC-B5F5-BF190FFB649C}.Debug|Any CPU.Deploy.0 = Debug|Any CPU
		{747389A9-7E03-48DC-B5F5-BF190FFB649C}.Release|Any CPU.ActiveCfg = Release|Any CPU
		{747389A9-7E03-48DC-B5F5-BF190FFB649C}.Release|Any CPU.Build.0 = Release|Any CPU
		{747389A9-7E03-48DC-B5F5-BF190FFB649C}.Release|Any CPU.Deploy.0 = Release|Any CPU
		{46783B60-A3E4-4746-BC7F-E306C25DC686}.Debug|Any CPU.ActiveCfg = Debug|Any CPU
		{46783B60-A3E4-4746-BC7F-E306C25DC686}.Debug|Any CPU.Build.0 = Debug|Any CPU
		{46783B60-A3E4-4746-BC7F-E306C25DC686}.Debug|Any CPU.Deploy.0 = Debug|Any CPU
		{46783B60-A3E4-4746-BC7F-E306C25DC686}.Release|Any CPU.ActiveCfg = Release|Any CPU
		{46783B60-A3E4-4746-BC7F-E306C25DC686}.Release|Any CPU.Build.0 = Release|Any CPU
		{46783B60-A3E4-4746-BC7F-E306C25DC686}.Release|Any CPU.Deploy.0 = Release|Any CPU
		{28521D45-0A67-4FC3-BB7D-6AA4C00905D3}.Debug|Any CPU.ActiveCfg = Debug|Any CPU
		{28521D45-0A67-4FC3-BB7D-6AA4C00905D3}.Debug|Any CPU.Build.0 = Debug|Any CPU
		{28521D45-0A67-4FC3-BB7D-6AA4C00905D3}.Debug|Any CPU.Deploy.0 = Debug|Any CPU
		{28521D45-0A67-4FC3-BB7D-6AA4C00905D3}.Release|Any CPU.ActiveCfg = Release|Any CPU
		{28521D45-0A67-4FC3-BB7D-6AA4C00905D3}.Release|Any CPU.Build.0 = Release|Any CPU
		{28521D45-0A67-4FC3-BB7D-6AA4C00905D3}.Release|Any CPU.Deploy.0 = Release|Any CPU
		{323B0169-61A9-452C-BF20-F59902C42AB7}.Debug|Any CPU.ActiveCfg = Debug|Any CPU
		{323B0169-61A9-452C-BF20-F59902C42AB7}.Debug|Any CPU.Build.0 = Debug|Any CPU
		{323B0169-61A9-452C-BF20-F59902C42AB7}.Debug|Any CPU.Deploy.0 = Debug|Any CPU
		{323B0169-61A9-452C-BF20-F59902C42AB7}.Release|Any CPU.ActiveCfg = Release|Any CPU
		{323B0169-61A9-452C-BF20-F59902C42AB7}.Release|Any CPU.Build.0 = Release|Any CPU
		{323B0169-61A9-452C-BF20-F59902C42AB7}.Release|Any CPU.Deploy.0 = Release|Any CPU
	EndGlobalSection
	GlobalSection(SolutionProperties) = preSolution
		HideSolutionNode = FALSE
	EndGlobalSection
	GlobalSection(ExtensibilityGlobals) = postSolution
		SolutionGuid = {C9FBBC3C-FF99-4061-99C6-3FC603C7E9DB}
	EndGlobalSection
EndGlobal
